PODS:
  - Batch (1.17.0)
  - batch_flutter (0.0.1):
    - Batch (~> 1.17.0)
    - Flutter
  - batch_flutter/Tests (0.0.1):
    - Batch (~> 1.17.0)
    - Flutter
  - Flutter (1.0.0)

DEPENDENCIES:
  - batch_flutter (from `.symlinks/plugins/batch_flutter/ios`)
  - batch_flutter/Tests (from `.symlinks/plugins/batch_flutter/ios`)
  - Flutter (from `Flutter`)

SPEC REPOS:
  trunk:
    - Batch

EXTERNAL SOURCES:
  batch_flutter:
    :path: ".symlinks/plugins/batch_flutter/ios"
  Flutter:
    :path: Flutter

SPEC CHECKSUMS:
  Batch: 5e739a053a0d8ce231a48fb318104034fe5876c6
  batch_flutter: 52070f725cd50039a3548cd3deb9952a945e6dc3
  Flutter: 434fef37c0980e73bb6479ef766c45957d4b510c

PODFILE CHECKSUM: b21344e99106958758dc9f111f2070e0adcd85c8

COCOAPODS: 1.10.1
