PODS:
  - Batch (1.18.0)
  - batch_flutter (0.0.2):
    - Batch (~> 1.18.0)
    - Flutter
  - batch_flutter/Tests (0.0.2):
    - Batch (~> 1.18.0)
    - Flutter
  - BatchExtension (3.0.2)
  - Flutter (1.0.0)
  - shared_preferences (0.0.1):
    - Flutter

DEPENDENCIES:
  - batch_flutter (from `.symlinks/plugins/batch_flutter/ios`)
  - batch_flutter/Tests (from `.symlinks/plugins/batch_flutter/ios`)
  - BatchExtension
  - Flutter (from `Flutter`)
  - shared_preferences (from `.symlinks/plugins/shared_preferences/ios`)

SPEC REPOS:
  trunk:
    - Batch
    - BatchExtension

EXTERNAL SOURCES:
  batch_flutter:
    :path: ".symlinks/plugins/batch_flutter/ios"
  Flutter:
    :path: Flutter
  shared_preferences:
    :path: ".symlinks/plugins/shared_preferences/ios"

SPEC CHECKSUMS:
  Batch: 6a98a347ee208f12954fedb1ac442d4a8fc4fea2
  batch_flutter: 5435dfece115d4492644b5ccc0da14b1e2b5c83d
  BatchExtension: 56b1f3131513beae83d1f1dbdd9c56b62a17596e
  Flutter: 434fef37c0980e73bb6479ef766c45957d4b510c
  shared_preferences: af6bfa751691cdc24be3045c43ec037377ada40d

PODFILE CHECKSUM: 90949cdf177c644cf68dd6e233b49572e678953b

COCOAPODS: 1.11.2
