{
  "pins" : [
    {
      "identity" : "batch-ios-sdk",
      "kind" : "remoteSourceControl",
      "location" : "https://github.com/BatchLabs/Batch-iOS-SDK",
      "state" : {
        "revision" : "38d18980984122deac4a777f365a5b0009508cbc",
        "version" : "3.3.0"
      }
    }
  ],
  "version" : 2
}
