{
  "pins" : [
    {
      "identity" : "batch-ios-sdk",
      "kind" : "remoteSourceControl",
      "location" : "https://github.com/BatchLabs/Batch-iOS-SDK",
      "state" : {
        "revision" : "94494e8d0e5c4ca3294dc1ba7580293405cd8cc4",
        "version" : "3.4.0"
      }
    }
  ],
  "version" : 2
}
